
Microsoft Visual Studio Solution File, Format Version 12.00
# Visual Studio Version 16
VisualStudioVersion = 16.0.30907.101
MinimumVisualStudioVersion = 10.0.40219.1
Project("{FAE04EC0-301F-11D3-BF4B-00C04F79EFBC}") = "EAS", "EAS\EAS.csproj", "{BE3E40E0-A303-48E2-A9A8-3A81BF3A40DE}"
EndProject
Project("{FAE04EC0-301F-11D3-BF4B-00C04F79EFBC}") = "CombinedDemo", "..\..\..\Downloads\Compressed\futronic-sdk-demo-master\src\CombinedDemo\CombinedDemo.csproj", "{81C3B833-0B09-41DF-8BEA-C135B6D144C9}"
EndProject
Project("{FAE04EC0-301F-11D3-BF4B-00C04F79EFBC}") = "ReadFingerprintDemo", "..\..\..\Downloads\Compressed\futronic-sdk-demo-master\src\ReadFingerprintDemo\ReadFingerprintDemo.csproj", "{2B49DA26-0829-4DF9-A337-2CD661AE5504}"
EndProject
Project("{FAE04EC0-301F-11D3-BF4B-00C04F79EFBC}") = "UserManagerDemo", "..\..\..\Downloads\Compressed\futronic-sdk-demo-master\src\UserManagerDemo\UserManagerDemo.csproj", "{F9DDC6FD-317D-461E-9533-FC4848AE81BF}"
EndProject
Global
	GlobalSection(SolutionConfigurationPlatforms) = preSolution
		Debug|Any CPU = Debug|Any CPU
		Release|Any CPU = Release|Any CPU
	EndGlobalSection
	GlobalSection(ProjectConfigurationPlatforms) = postSolution
		{BE3E40E0-A303-48E2-A9A8-3A81BF3A40DE}.Debug|Any CPU.ActiveCfg = Debug|Any CPU
		{BE3E40E0-A303-48E2-A9A8-3A81BF3A40DE}.Debug|Any CPU.Build.0 = Debug|Any CPU
		{BE3E40E0-A303-48E2-A9A8-3A81BF3A40DE}.Release|Any CPU.ActiveCfg = Release|Any CPU
		{BE3E40E0-A303-48E2-A9A8-3A81BF3A40DE}.Release|Any CPU.Build.0 = Release|Any CPU
		{81C3B833-0B09-41DF-8BEA-C135B6D144C9}.Debug|Any CPU.ActiveCfg = Debug|Any CPU
		{81C3B833-0B09-41DF-8BEA-C135B6D144C9}.Debug|Any CPU.Build.0 = Debug|Any CPU
		{81C3B833-0B09-41DF-8BEA-C135B6D144C9}.Release|Any CPU.ActiveCfg = Release|Any CPU
		{81C3B833-0B09-41DF-8BEA-C135B6D144C9}.Release|Any CPU.Build.0 = Release|Any CPU
		{2B49DA26-0829-4DF9-A337-2CD661AE5504}.Debug|Any CPU.ActiveCfg = Debug|Any CPU
		{2B49DA26-0829-4DF9-A337-2CD661AE5504}.Debug|Any CPU.Build.0 = Debug|Any CPU
		{2B49DA26-0829-4DF9-A337-2CD661AE5504}.Release|Any CPU.ActiveCfg = Release|Any CPU
		{2B49DA26-0829-4DF9-A337-2CD661AE5504}.Release|Any CPU.Build.0 = Release|Any CPU
		{F9DDC6FD-317D-461E-9533-FC4848AE81BF}.Debug|Any CPU.ActiveCfg = Debug|Any CPU
		{F9DDC6FD-317D-461E-9533-FC4848AE81BF}.Debug|Any CPU.Build.0 = Debug|Any CPU
		{F9DDC6FD-317D-461E-9533-FC4848AE81BF}.Release|Any CPU.ActiveCfg = Release|Any CPU
		{F9DDC6FD-317D-461E-9533-FC4848AE81BF}.Release|Any CPU.Build.0 = Release|Any CPU
	EndGlobalSection
	GlobalSection(SolutionProperties) = preSolution
		HideSolutionNode = FALSE
	EndGlobalSection
	GlobalSection(ExtensibilityGlobals) = postSolution
		SolutionGuid = {097ABCD7-452D-43B4-B1FA-BE804D5FA02B}
	EndGlobalSection
EndGlobal
